Microsoft Visual Studio Solution File, Format Version 12.00
# Visual Studio Version 17
VisualStudioVersion = 17
MinimumVisualStudioVersion = 10
Project("{FAE04EC0-301F-11D3-BF4B-00C04F79EFBC}") = "ListReferences", "ListReferences.csproj", "{DCA5FF04-BCBB-4B91-9A33-927E4AB3359E}"
EndProject
Global
	GlobalSection(SolutionConfigurationPlatforms) = preSolution
		Debug|Any CPU = Debug|Any CPU
		Release|Any CPU = Release|Any CPU
	EndGlobalSection
	GlobalSection(ProjectConfigurationPlatforms) = postSolution
		{DCA5FF04-BCBB-4B91-9A33-927E4AB3359E}.Debug|Any CPU.ActiveCfg = Debug|Any CPU
		{DCA5FF04-BCBB-4B91-9A33-927E4AB3359E}.Debug|Any CPU.Build.0 = Debug|Any CPU
		{DCA5FF04-BCBB-4B91-9A33-927E4AB3359E}.Release|Any CPU.ActiveCfg = Release|Any CPU
		{DCA5FF04-BCBB-4B91-9A33-927E4AB3359E}.Release|Any CPU.Build.0 = Release|Any CPU
	EndGlobalSection
	GlobalSection(SolutionProperties) = preSolution
		HideSolutionNode = FALSE
	EndGlobalSection
	GlobalSection(ExtensibilityGlobals) = postSolution
		SolutionGuid = {C9979D5B-E2E6-4C4B-B18F-79FD107DCBF1}
	EndGlobalSection
EndGlobal
